// !$*UTF8*$!
{
	archiveVersion = 1;
	classes = {
	};
	objectVersion = 77;
	objects = {

/* Begin PBXBuildFile section */
		105FB3203CD719C288F3B7EB /* Assets.xcassets in Resources */ = {isa = PBXBuildFile; fileRef = DAFDFBB620BD64E49B49C1E1 /* Assets.xcassets */; };
		106A265BFEDF6F32E5743072 /* AppLauncherView.swift in Sources */ = {isa = PBXBuildFile; fileRef = 2B182EFE9570F703902568CB /* AppLauncherView.swift */; };
		13DDDB5B1BB11C7B86A67AF2 /* FocusManager.swift in Sources */ = {isa = PBXBuildFile; fileRef = F85EA374E5B15EDE5451BEF0 /* FocusManager.swift */; };
		1C6399A2DAEBB6B56EEB8259 /* ClipboardView.swift in Sources */ = {isa = PBXBuildFile; fileRef = 3314361588F67A5569C143CE /* ClipboardView.swift */; };
		230C48157548540C04352EC1 /* MenubarView.swift in Sources */ = {isa = PBXBuildFile; fileRef = FC63C59C1813B992FC513F6F /* MenubarView.swift */; };
		2937311B1112E0675C55DAB4 /* SystemMonitorView.swift in Sources */ = {isa = PBXBuildFile; fileRef = D2BFCA9E39A11F306696ECFA /* SystemMonitorView.swift */; };
		2E087E4127507E38DF39C900 /* NetworkToolsView.swift in Sources */ = {isa = PBXBuildFile; fileRef = 704B3B3D33ADBE03838E9691 /* NetworkToolsView.swift */; };
		2FA2C9A9C2F96DA68768DD75 /* StatusPollerTests.swift in Sources */ = {isa = PBXBuildFile; fileRef = 3CB420D47DA51829CF913FA3 /* StatusPollerTests.swift */; };
		39F6C00193269B6FEBA1CB8B /* FocusView.swift in Sources */ = {isa = PBXBuildFile; fileRef = 506E29059956F38436101DD9 /* FocusView.swift */; };
		3E9071DFA2FE42AFF0FF72E2 /* AppLauncherManager.swift in Sources */ = {isa = PBXBuildFile; fileRef = 040BDE071D01447A5FFCC8BA /* AppLauncherManager.swift */; };
		416DF96D0D3AC1298263C3AB /* WindowManagerModel.swift in Sources */ = {isa = PBXBuildFile; fileRef = 46635A6C88547ABB14B5D7E7 /* WindowManagerModel.swift */; };
		4488BB57E867036B0FF09679 /* ModuleContentView.swift in Sources */ = {isa = PBXBuildFile; fileRef = 34015B6C4B07A180566690C7 /* ModuleContentView.swift */; };
		475F157D02B83B4E885AAE34 /* BatteryView.swift in Sources */ = {isa = PBXBuildFile; fileRef = 5F9245D0F6B9476A3BF13428 /* BatteryView.swift */; };
		494B9EB66A008592C3EA98D7 /* DisplayControlsManager.swift in Sources */ = {isa = PBXBuildFile; fileRef = C21FCC89046124E4627B72CB /* DisplayControlsManager.swift */; };
		4A67223926F3426B0179C68A /* AIMessage.swift in Sources */ = {isa = PBXBuildFile; fileRef = B6392198E79BE0C13A8A0CC2 /* AIMessage.swift */; };
		4BA3DF3E4AB933D6406CB194 /* WindowManagerTests.swift in Sources */ = {isa = PBXBuildFile; fileRef = 43D11A5C6FC845C6238D4BEC /* WindowManagerTests.swift */; };
		4C0E4162D5A29656F8DF9609 /* StatusPoller.swift in Sources */ = {isa = PBXBuildFile; fileRef = E6CF62F741FB54F464596939 /* StatusPoller.swift */; };
		4E81B060C0EEB0EEDD28D15D /* DisplayControlsView.swift in Sources */ = {isa = PBXBuildFile; fileRef = 6E9AF46B1930629B242096D4 /* DisplayControlsView.swift */; };
		4F6C6563CD40D8818BAA258B /* ClipboardItem.swift in Sources */ = {isa = PBXBuildFile; fileRef = 77BB536E12F06DA4018E1F8E /* ClipboardItem.swift */; };
		537AD61DF4D558B23297EC11 /* WindowManagerView.swift in Sources */ = {isa = PBXBuildFile; fileRef = B5116B88EC53D1532361EC3C /* WindowManagerView.swift */; };
		5AF9E8767A664AC62CB45EF2 /* StatusBarView.swift in Sources */ = {isa = PBXBuildFile; fileRef = 72391FD651024960FD515D17 /* StatusBarView.swift */; };
		63FB13B1456AAA9609714501 /* PermissionsTests.swift in Sources */ = {isa = PBXBuildFile; fileRef = 60BAE302012375EDFD9A1325 /* PermissionsTests.swift */; };
		735F5C13DD796FE2485743C9 /* ProcessEntry.swift in Sources */ = {isa = PBXBuildFile; fileRef = C2A16AB6CFA990DD511CA36F /* ProcessEntry.swift */; };
		7A075AD6212ECD5772B51C5F /* PlaceholderTests.swift in Sources */ = {isa = PBXBuildFile; fileRef = 2E28618CEF9987D9DED77A25 /* PlaceholderTests.swift */; };
		7BFD5A3D4F3D0BBACDA86D75 /* TextSnippetsView.swift in Sources */ = {isa = PBXBuildFile; fileRef = CDC7339341AB27293D7B17A1 /* TextSnippetsView.swift */; };
		88D1ADEF9BE128F55B77B9A7 /* AppState.swift in Sources */ = {isa = PBXBuildFile; fileRef = D98AC8202B1773A1236BBDA3 /* AppState.swift */; };
		89BB1E97CDCFF5365A5D8B9E /* PlaceholderView.swift in Sources */ = {isa = PBXBuildFile; fileRef = 7BE6F335737BFFAE98FDFEA3 /* PlaceholderView.swift */; };
		8A1BD476A80B964BAE1DC645 /* AppStateTests.swift in Sources */ = {isa = PBXBuildFile; fileRef = BB6926379167FE0FA4D4B846 /* AppStateTests.swift */; };
		A59BDA352C8DD02909D31856 /* Module+UI.swift in Sources */ = {isa = PBXBuildFile; fileRef = 0AF738E6EF8FFBCC8C5B5DEF /* Module+UI.swift */; };
		A7CE830B072DF50D12645AB0 /* AppEntry.swift in Sources */ = {isa = PBXBuildFile; fileRef = 855BBB420E5FCAE9FD7046A6 /* AppEntry.swift */; };
		B01132BE28B54EA2D03A087B /* AIAssistantManager.swift in Sources */ = {isa = PBXBuildFile; fileRef = 8D2F282CD33D070D05CBA4FF /* AIAssistantManager.swift */; };
		B4AA8CD1285839CC181A7B24 /* AIAssistantView.swift in Sources */ = {isa = PBXBuildFile; fileRef = 6CD055A4AB66121C56F0C03C /* AIAssistantView.swift */; };
		B54402239D2428A1461D08E5 /* HotkeyEngine.swift in Sources */ = {isa = PBXBuildFile; fileRef = 36D766D7985B0EE22A3C1149 /* HotkeyEngine.swift */; };
		B58DE79B9DA78B4C864458F0 /* TextSnippetsManager.swift in Sources */ = {isa = PBXBuildFile; fileRef = 327AE9B01C1D6C07BF731A46 /* TextSnippetsManager.swift */; };
		BD2D2B6824864915897E3637 /* BatteryPowerManager.swift in Sources */ = {isa = PBXBuildFile; fileRef = 91721FABF37DDCF02BCB1E24 /* BatteryPowerManager.swift */; };
		C117B6B56C5032A99386EDDE /* ClipboardManager.swift in Sources */ = {isa = PBXBuildFile; fileRef = 1FC67A8B45843B262C33D26E /* ClipboardManager.swift */; };
		C7C732321F6493E111848A66 /* Permissions.swift in Sources */ = {isa = PBXBuildFile; fileRef = D71E3B7907B83D694591CCAD /* Permissions.swift */; };
		CC52595EB420D158759A8A31 /* WindowManagerManager.swift in Sources */ = {isa = PBXBuildFile; fileRef = D84386BC07738F675766E650 /* WindowManagerManager.swift */; };
		D0E205FDC8AD7CDFCCDEF00D /* SidebarView.swift in Sources */ = {isa = PBXBuildFile; fileRef = A012FF6FD6E342614C9FAE76 /* SidebarView.swift */; };
		E4DFD021D73D7A4F393F2050 /* SettingsView.swift in Sources */ = {isa = PBXBuildFile; fileRef = 809B626F7377646DC49958E6 /* SettingsView.swift */; };
		E93190EADC340E2DF234A9B6 /* SystemMonitorManager.swift in Sources */ = {isa = PBXBuildFile; fileRef = A8B6EFB1718C8C5A4136FB52 /* SystemMonitorManager.swift */; };
		EDC43AEAD08F5F7A776541F6 /* NetworkToolsManager.swift in Sources */ = {isa = PBXBuildFile; fileRef = 69A0A507093C2BFF4EBD8B4D /* NetworkToolsManager.swift */; };
		FA7F51C0438EBCE7E988ECD0 /* VantageApp.swift in Sources */ = {isa = PBXBuildFile; fileRef = 80A135EF285B705DD87E636C /* VantageApp.swift */; };
		FFAC6AE043D6C182853A9E90 /* Snippet.swift in Sources */ = {isa = PBXBuildFile; fileRef = 5FB14573CB7B5F0A423D2B41 /* Snippet.swift */; };
/* End PBXBuildFile section */

/* Begin PBXContainerItemProxy section */
		986399586F0E0F239087F89F /* PBXContainerItemProxy */ = {
			isa = PBXContainerItemProxy;
			containerPortal = F30256708B8BFD67E584AD19 /* Project object */;
			proxyType = 1;
			remoteGlobalIDString = 760673EF1845572FEC57AD22;
			remoteInfo = Vantage;
		};
/* End PBXContainerItemProxy section */

/* Begin PBXFileReference section */
		040BDE071D01447A5FFCC8BA /* AppLauncherManager.swift */ = {isa = PBXFileReference; lastKnownFileType = sourcecode.swift; path = AppLauncherManager.swift; sourceTree = "<group>"; };
		0AF738E6EF8FFBCC8C5B5DEF /* Module+UI.swift */ = {isa = PBXFileReference; lastKnownFileType = sourcecode.swift; path = "Module+UI.swift"; sourceTree = "<group>"; };
		0BFB3236AF5027E0A4F401CF /* Vantage.entitlements */ = {isa = PBXFileReference; lastKnownFileType = text.plist.entitlements; path = Vantage.entitlements; sourceTree = "<group>"; };
		1FC67A8B45843B262C33D26E /* ClipboardManager.swift */ = {isa = PBXFileReference; lastKnownFileType = sourcecode.swift; path = ClipboardManager.swift; sourceTree = "<group>"; };
		2B182EFE9570F703902568CB /* AppLauncherView.swift */ = {isa = PBXFileReference; lastKnownFileType = sourcecode.swift; path = AppLauncherView.swift; sourceTree = "<group>"; };
		2E28618CEF9987D9DED77A25 /* PlaceholderTests.swift */ = {isa = PBXFileReference; lastKnownFileType = sourcecode.swift; path = PlaceholderTests.swift; sourceTree = "<group>"; };
		327AE9B01C1D6C07BF731A46 /* TextSnippetsManager.swift */ = {isa = PBXFileReference; lastKnownFileType = sourcecode.swift; path = TextSnippetsManager.swift; sourceTree = "<group>"; };
		3314361588F67A5569C143CE /* ClipboardView.swift */ = {isa = PBXFileReference; lastKnownFileType = sourcecode.swift; path = ClipboardView.swift; sourceTree = "<group>"; };
		34015B6C4B07A180566690C7 /* ModuleContentView.swift */ = {isa = PBXFileReference; lastKnownFileType = sourcecode.swift; path = ModuleContentView.swift; sourceTree = "<group>"; };
		36D766D7985B0EE22A3C1149 /* HotkeyEngine.swift */ = {isa = PBXFileReference; lastKnownFileType = sourcecode.swift; path = HotkeyEngine.swift; sourceTree = "<group>"; };
		3CB420D47DA51829CF913FA3 /* StatusPollerTests.swift */ = {isa = PBXFileReference; lastKnownFileType = sourcecode.swift; path = StatusPollerTests.swift; sourceTree = "<group>"; };
		43D11A5C6FC845C6238D4BEC /* WindowManagerTests.swift */ = {isa = PBXFileReference; lastKnownFileType = sourcecode.swift; path = WindowManagerTests.swift; sourceTree = "<group>"; };
		46635A6C88547ABB14B5D7E7 /* WindowManagerModel.swift */ = {isa = PBXFileReference; lastKnownFileType = sourcecode.swift; path = WindowManagerModel.swift; sourceTree = "<group>"; };
		506E29059956F38436101DD9 /* FocusView.swift */ = {isa = PBXFileReference; lastKnownFileType = sourcecode.swift; path = FocusView.swift; sourceTree = "<group>"; };
		5F9245D0F6B9476A3BF13428 /* BatteryView.swift */ = {isa = PBXFileReference; lastKnownFileType = sourcecode.swift; path = BatteryView.swift; sourceTree = "<group>"; };
		5FB14573CB7B5F0A423D2B41 /* Snippet.swift */ = {isa = PBXFileReference; lastKnownFileType = sourcecode.swift; path = Snippet.swift; sourceTree = "<group>"; };
		60BAE302012375EDFD9A1325 /* PermissionsTests.swift */ = {isa = PBXFileReference; lastKnownFileType = sourcecode.swift; path = PermissionsTests.swift; sourceTree = "<group>"; };
		69A0A507093C2BFF4EBD8B4D /* NetworkToolsManager.swift */ = {isa = PBXFileReference; lastKnownFileType = sourcecode.swift; path = NetworkToolsManager.swift; sourceTree = "<group>"; };
		6CD055A4AB66121C56F0C03C /* AIAssistantView.swift */ = {isa = PBXFileReference; lastKnownFileType = sourcecode.swift; path = AIAssistantView.swift; sourceTree = "<group>"; };
		6E9AF46B1930629B242096D4 /* DisplayControlsView.swift */ = {isa = PBXFileReference; lastKnownFileType = sourcecode.swift; path = DisplayControlsView.swift; sourceTree = "<group>"; };
		704B3B3D33ADBE03838E9691 /* NetworkToolsView.swift */ = {isa = PBXFileReference; lastKnownFileType = sourcecode.swift; path = NetworkToolsView.swift; sourceTree = "<group>"; };
		72391FD651024960FD515D17 /* StatusBarView.swift */ = {isa = PBXFileReference; lastKnownFileType = sourcecode.swift; path = StatusBarView.swift; sourceTree = "<group>"; };
		77BB536E12F06DA4018E1F8E /* ClipboardItem.swift */ = {isa = PBXFileReference; lastKnownFileType = sourcecode.swift; path = ClipboardItem.swift; sourceTree = "<group>"; };
		7BE6F335737BFFAE98FDFEA3 /* PlaceholderView.swift */ = {isa = PBXFileReference; lastKnownFileType = sourcecode.swift; path = PlaceholderView.swift; sourceTree = "<group>"; };
		809B626F7377646DC49958E6 /* SettingsView.swift */ = {isa = PBXFileReference; lastKnownFileType = sourcecode.swift; path = SettingsView.swift; sourceTree = "<group>"; };
		80A135EF285B705DD87E636C /* VantageApp.swift */ = {isa = PBXFileReference; lastKnownFileType = sourcecode.swift; path = VantageApp.swift; sourceTree = "<group>"; };
		855BBB420E5FCAE9FD7046A6 /* AppEntry.swift */ = {isa = PBXFileReference; lastKnownFileType = sourcecode.swift; path = AppEntry.swift; sourceTree = "<group>"; };
		8D2F282CD33D070D05CBA4FF /* AIAssistantManager.swift */ = {isa = PBXFileReference; lastKnownFileType = sourcecode.swift; path = AIAssistantManager.swift; sourceTree = "<group>"; };
		91721FABF37DDCF02BCB1E24 /* BatteryPowerManager.swift */ = {isa = PBXFileReference; lastKnownFileType = sourcecode.swift; path = BatteryPowerManager.swift; sourceTree = "<group>"; };
		A012FF6FD6E342614C9FAE76 /* SidebarView.swift */ = {isa = PBXFileReference; lastKnownFileType = sourcecode.swift; path = SidebarView.swift; sourceTree = "<group>"; };
		A8B6EFB1718C8C5A4136FB52 /* SystemMonitorManager.swift */ = {isa = PBXFileReference; lastKnownFileType = sourcecode.swift; path = SystemMonitorManager.swift; sourceTree = "<group>"; };
		AAAAD71FD8AFD260BA2DE6AB /* VantageTests.xctest */ = {isa = PBXFileReference; explicitFileType = wrapper.cfbundle; includeInIndex = 0; path = VantageTests.xctest; sourceTree = BUILT_PRODUCTS_DIR; };
		B5116B88EC53D1532361EC3C /* WindowManagerView.swift */ = {isa = PBXFileReference; lastKnownFileType = sourcecode.swift; path = WindowManagerView.swift; sourceTree = "<group>"; };
		B6392198E79BE0C13A8A0CC2 /* AIMessage.swift */ = {isa = PBXFileReference; lastKnownFileType = sourcecode.swift; path = AIMessage.swift; sourceTree = "<group>"; };
		B8EB830F3CD1D914029F82FB /* Vantage.app */ = {isa = PBXFileReference; explicitFileType = wrapper.application; includeInIndex = 0; path = Vantage.app; sourceTree = BUILT_PRODUCTS_DIR; };
		BB6926379167FE0FA4D4B846 /* AppStateTests.swift */ = {isa = PBXFileReference; lastKnownFileType = sourcecode.swift; path = AppStateTests.swift; sourceTree = "<group>"; };
		C21FCC89046124E4627B72CB /* DisplayControlsManager.swift */ = {isa = PBXFileReference; lastKnownFileType = sourcecode.swift; path = DisplayControlsManager.swift; sourceTree = "<group>"; };
		C2A16AB6CFA990DD511CA36F /* ProcessEntry.swift */ = {isa = PBXFileReference; lastKnownFileType = sourcecode.swift; path = ProcessEntry.swift; sourceTree = "<group>"; };
		CDC7339341AB27293D7B17A1 /* TextSnippetsView.swift */ = {isa = PBXFileReference; lastKnownFileType = sourcecode.swift; path = TextSnippetsView.swift; sourceTree = "<group>"; };
		D2BFCA9E39A11F306696ECFA /* SystemMonitorView.swift */ = {isa = PBXFileReference; lastKnownFileType = sourcecode.swift; path = SystemMonitorView.swift; sourceTree = "<group>"; };
		D71E3B7907B83D694591CCAD /* Permissions.swift */ = {isa = PBXFileReference; lastKnownFileType = sourcecode.swift; path = Permissions.swift; sourceTree = "<group>"; };
		D84386BC07738F675766E650 /* WindowManagerManager.swift */ = {isa = PBXFileReference; lastKnownFileType = sourcecode.swift; path = WindowManagerManager.swift; sourceTree = "<group>"; };
		D98AC8202B1773A1236BBDA3 /* AppState.swift */ = {isa = PBXFileReference; lastKnownFileType = sourcecode.swift; path = AppState.swift; sourceTree = "<group>"; };
		DAFDFBB620BD64E49B49C1E1 /* Assets.xcassets */ = {isa = PBXFileReference; lastKnownFileType = folder.assetcatalog; path = Assets.xcassets; sourceTree = "<group>"; };
		E6CF62F741FB54F464596939 /* StatusPoller.swift */ = {isa = PBXFileReference; lastKnownFileType = sourcecode.swift; path = StatusPoller.swift; sourceTree = "<group>"; };
		F85EA374E5B15EDE5451BEF0 /* FocusManager.swift */ = {isa = PBXFileReference; lastKnownFileType = sourcecode.swift; path = FocusManager.swift; sourceTree = "<group>"; };
		FC63C59C1813B992FC513F6F /* MenubarView.swift */ = {isa = PBXFileReference; lastKnownFileType = sourcecode.swift; path = MenubarView.swift; sourceTree = "<group>"; };
/* End PBXFileReference section */

/* Begin PBXGroup section */
		18808A7EB2140D2FA008A146 /* Resources */ = {
			isa = PBXGroup;
			children = (
				0BFB3236AF5027E0A4F401CF /* Vantage.entitlements */,
			);
			path = Resources;
			sourceTree = "<group>";
		};
		2A22BD5279C851190E061BC6 /* AIAssistant */ = {
			isa = PBXGroup;
			children = (
				8D2F282CD33D070D05CBA4FF /* AIAssistantManager.swift */,
				6CD055A4AB66121C56F0C03C /* AIAssistantView.swift */,
				B6392198E79BE0C13A8A0CC2 /* AIMessage.swift */,
			);
			path = AIAssistant;
			sourceTree = "<group>";
		};
		41EBCB52E1FE4D93EB336089 /* DisplayControls */ = {
			isa = PBXGroup;
			children = (
				C21FCC89046124E4627B72CB /* DisplayControlsManager.swift */,
				6E9AF46B1930629B242096D4 /* DisplayControlsView.swift */,
			);
			path = DisplayControls;
			sourceTree = "<group>";
		};
		4326F54C81BAD891F1BD918A /* SystemMonitor */ = {
			isa = PBXGroup;
			children = (
				C2A16AB6CFA990DD511CA36F /* ProcessEntry.swift */,
				A8B6EFB1718C8C5A4136FB52 /* SystemMonitorManager.swift */,
				D2BFCA9E39A11F306696ECFA /* SystemMonitorView.swift */,
			);
			path = SystemMonitor;
			sourceTree = "<group>";
		};
		69A717D9137988A4C4017D5B /* Focus */ = {
			isa = PBXGroup;
			children = (
				F85EA374E5B15EDE5451BEF0 /* FocusManager.swift */,
				506E29059956F38436101DD9 /* FocusView.swift */,
			);
			path = Focus;
			sourceTree = "<group>";
		};
		77BEA56528461209509BD0CA /* Modules */ = {
			isa = PBXGroup;
			children = (
				2A22BD5279C851190E061BC6 /* AIAssistant */,
				D9F3DF9B54FF0A0AFCC4F8F4 /* AppLauncher */,
				E4234742FD5A500639B2C59B /* Battery */,
				B3F4DAB2FD7A44FD17B26C75 /* Clipboard */,
				41EBCB52E1FE4D93EB336089 /* DisplayControls */,
				69A717D9137988A4C4017D5B /* Focus */,
				80A07D4A2C1DC3A85408A95A /* NetworkTools */,
				4326F54C81BAD891F1BD918A /* SystemMonitor */,
				ECF0DFEF7CC7C468D2CE0EA6 /* TextSnippets */,
				8779585A9FA59330779CB074 /* WindowManager */,
			);
			path = Modules;
			sourceTree = "<group>";
		};
		80A07D4A2C1DC3A85408A95A /* NetworkTools */ = {
			isa = PBXGroup;
			children = (
				69A0A507093C2BFF4EBD8B4D /* NetworkToolsManager.swift */,
				704B3B3D33ADBE03838E9691 /* NetworkToolsView.swift */,
			);
			path = NetworkTools;
			sourceTree = "<group>";
		};
		8779585A9FA59330779CB074 /* WindowManager */ = {
			isa = PBXGroup;
			children = (
				D84386BC07738F675766E650 /* WindowManagerManager.swift */,
				46635A6C88547ABB14B5D7E7 /* WindowManagerModel.swift */,
				B5116B88EC53D1532361EC3C /* WindowManagerView.swift */,
			);
			path = WindowManager;
			sourceTree = "<group>";
		};
		9018566D1035F9332DB7FDFA = {
			isa = PBXGroup;
			children = (
				AE1820AB6C81EE599DCF8F5B /* Vantage */,
				C4B310A36021C6368329AFA0 /* VantageTests */,
				D4717F825D9CA6B37F51C782 /* Products */,
			);
			sourceTree = "<group>";
		};
		AE1820AB6C81EE599DCF8F5B /* Vantage */ = {
			isa = PBXGroup;
			children = (
				DAFDFBB620BD64E49B49C1E1 /* Assets.xcassets */,
				C0D4DF236B51F3D8CD783155 /* App */,
				77BEA56528461209509BD0CA /* Modules */,
				18808A7EB2140D2FA008A146 /* Resources */,
				E68DEE94B5A98ADB8EE04188 /* Shared */,
			);
			path = Vantage;
			sourceTree = "<group>";
		};
		B3F4DAB2FD7A44FD17B26C75 /* Clipboard */ = {
			isa = PBXGroup;
			children = (
				77BB536E12F06DA4018E1F8E /* ClipboardItem.swift */,
				1FC67A8B45843B262C33D26E /* ClipboardManager.swift */,
				3314361588F67A5569C143CE /* ClipboardView.swift */,
			);
			path = Clipboard;
			sourceTree = "<group>";
		};
		C0D4DF236B51F3D8CD783155 /* App */ = {
			isa = PBXGroup;
			children = (
				D98AC8202B1773A1236BBDA3 /* AppState.swift */,
				FC63C59C1813B992FC513F6F /* MenubarView.swift */,
				0AF738E6EF8FFBCC8C5B5DEF /* Module+UI.swift */,
				34015B6C4B07A180566690C7 /* ModuleContentView.swift */,
				809B626F7377646DC49958E6 /* SettingsView.swift */,
				A012FF6FD6E342614C9FAE76 /* SidebarView.swift */,
				72391FD651024960FD515D17 /* StatusBarView.swift */,
				80A135EF285B705DD87E636C /* VantageApp.swift */,
			);
			path = App;
			sourceTree = "<group>";
		};
		C4B310A36021C6368329AFA0 /* VantageTests */ = {
			isa = PBXGroup;
			children = (
				BB6926379167FE0FA4D4B846 /* AppStateTests.swift */,
				60BAE302012375EDFD9A1325 /* PermissionsTests.swift */,
				2E28618CEF9987D9DED77A25 /* PlaceholderTests.swift */,
				3CB420D47DA51829CF913FA3 /* StatusPollerTests.swift */,
				43D11A5C6FC845C6238D4BEC /* WindowManagerTests.swift */,
			);
			path = VantageTests;
			sourceTree = "<group>";
		};
		D4717F825D9CA6B37F51C782 /* Products */ = {
			isa = PBXGroup;
			children = (
				B8EB830F3CD1D914029F82FB /* Vantage.app */,
				AAAAD71FD8AFD260BA2DE6AB /* VantageTests.xctest */,
			);
			name = Products;
			sourceTree = "<group>";
		};
		D9F3DF9B54FF0A0AFCC4F8F4 /* AppLauncher */ = {
			isa = PBXGroup;
			children = (
				855BBB420E5FCAE9FD7046A6 /* AppEntry.swift */,
				040BDE071D01447A5FFCC8BA /* AppLauncherManager.swift */,
				2B182EFE9570F703902568CB /* AppLauncherView.swift */,
			);
			path = AppLauncher;
			sourceTree = "<group>";
		};
		E4234742FD5A500639B2C59B /* Battery */ = {
			isa = PBXGroup;
			children = (
				91721FABF37DDCF02BCB1E24 /* BatteryPowerManager.swift */,
				5F9245D0F6B9476A3BF13428 /* BatteryView.swift */,
			);
			path = Battery;
			sourceTree = "<group>";
		};
		E68DEE94B5A98ADB8EE04188 /* Shared */ = {
			isa = PBXGroup;
			children = (
				36D766D7985B0EE22A3C1149 /* HotkeyEngine.swift */,
				D71E3B7907B83D694591CCAD /* Permissions.swift */,
				7BE6F335737BFFAE98FDFEA3 /* PlaceholderView.swift */,
				E6CF62F741FB54F464596939 /* StatusPoller.swift */,
			);
			path = Shared;
			sourceTree = "<group>";
		};
		ECF0DFEF7CC7C468D2CE0EA6 /* TextSnippets */ = {
			isa = PBXGroup;
			children = (
				5FB14573CB7B5F0A423D2B41 /* Snippet.swift */,
				327AE9B01C1D6C07BF731A46 /* TextSnippetsManager.swift */,
				CDC7339341AB27293D7B17A1 /* TextSnippetsView.swift */,
			);
			path = TextSnippets;
			sourceTree = "<group>";
		};
/* End PBXGroup section */

/* Begin PBXNativeTarget section */
		760673EF1845572FEC57AD22 /* Vantage */ = {
			isa = PBXNativeTarget;
			buildConfigurationList = 3E9B3C1FB5CBEEF7CFB36FB7 /* Build configuration list for PBXNativeTarget "Vantage" */;
			buildPhases = (
				0E36F3B4F0F99218094B5DBB /* Sources */,
				7146002EBA2DF7316FC637DA /* Resources */,
			);
			buildRules = (
			);
			dependencies = (
			);
			name = Vantage;
			packageProductDependencies = (
			);
			productName = Vantage;
			productReference = B8EB830F3CD1D914029F82FB /* Vantage.app */;
			productType = "com.apple.product-type.application";
		};
		B15FB4A2689AC2E6FC4AEC37 /* VantageTests */ = {
			isa = PBXNativeTarget;
			buildConfigurationList = E5A4E365785374F925825848 /* Build configuration list for PBXNativeTarget "VantageTests" */;
			buildPhases = (
				2E8B9CB2C9E978EA5D04BDCE /* Sources */,
			);
			buildRules = (
			);
			dependencies = (
				37B81F32BE4F477A573AB5BE /* PBXTargetDependency */,
			);
			name = VantageTests;
			packageProductDependencies = (
			);
			productName = VantageTests;
			productReference = AAAAD71FD8AFD260BA2DE6AB /* VantageTests.xctest */;
			productType = "com.apple.product-type.bundle.unit-test";
		};
/* End PBXNativeTarget section */

/* Begin PBXProject section */
		F30256708B8BFD67E584AD19 /* Project object */ = {
			isa = PBXProject;
			attributes = {
				BuildIndependentTargetsInParallel = YES;
				LastUpgradeCheck = 1600;
				TargetAttributes = {
				};
			};
			buildConfigurationList = 2CEB3805379B76D96E23DE86 /* Build configuration list for PBXProject "Vantage" */;
			developmentRegion = en;
			hasScannedForEncodings = 0;
			knownRegions = (
				Base,
				en,
			);
			mainGroup = 9018566D1035F9332DB7FDFA;
			minimizedProjectReferenceProxies = 1;
			preferredProjectObjectVersion = 77;
			productRefGroup = D4717F825D9CA6B37F51C782 /* Products */;
			projectDirPath = "";
			projectRoot = "";
			targets = (
				760673EF1845572FEC57AD22 /* Vantage */,
				B15FB4A2689AC2E6FC4AEC37 /* VantageTests */,
			);
		};
/* End PBXProject section */

/* Begin PBXResourcesBuildPhase section */
		7146002EBA2DF7316FC637DA /* Resources */ = {
			isa = PBXResourcesBuildPhase;
			buildActionMask = 2147483647;
			files = (
				105FB3203CD719C288F3B7EB /* Assets.xcassets in Resources */,
			);
			runOnlyForDeploymentPostprocessing = 0;
		};
/* End PBXResourcesBuildPhase section */

/* Begin PBXSourcesBuildPhase section */
		0E36F3B4F0F99218094B5DBB /* Sources */ = {
			isa = PBXSourcesBuildPhase;
			buildActionMask = 2147483647;
			files = (
				B01132BE28B54EA2D03A087B /* AIAssistantManager.swift in Sources */,
				B4AA8CD1285839CC181A7B24 /* AIAssistantView.swift in Sources */,
				4A67223926F3426B0179C68A /* AIMessage.swift in Sources */,
				A7CE830B072DF50D12645AB0 /* AppEntry.swift in Sources */,
				3E9071DFA2FE42AFF0FF72E2 /* AppLauncherManager.swift in Sources */,
				106A265BFEDF6F32E5743072 /* AppLauncherView.swift in Sources */,
				88D1ADEF9BE128F55B77B9A7 /* AppState.swift in Sources */,
				BD2D2B6824864915897E3637 /* BatteryPowerManager.swift in Sources */,
				475F157D02B83B4E885AAE34 /* BatteryView.swift in Sources */,
				4F6C6563CD40D8818BAA258B /* ClipboardItem.swift in Sources */,
				C117B6B56C5032A99386EDDE /* ClipboardManager.swift in Sources */,
				1C6399A2DAEBB6B56EEB8259 /* ClipboardView.swift in Sources */,
				494B9EB66A008592C3EA98D7 /* DisplayControlsManager.swift in Sources */,
				4E81B060C0EEB0EEDD28D15D /* DisplayControlsView.swift in Sources */,
				13DDDB5B1BB11C7B86A67AF2 /* FocusManager.swift in Sources */,
				39F6C00193269B6FEBA1CB8B /* FocusView.swift in Sources */,
				B54402239D2428A1461D08E5 /* HotkeyEngine.swift in Sources */,
				230C48157548540C04352EC1 /* MenubarView.swift in Sources */,
				A59BDA352C8DD02909D31856 /* Module+UI.swift in Sources */,
				4488BB57E867036B0FF09679 /* ModuleContentView.swift in Sources */,
				EDC43AEAD08F5F7A776541F6 /* NetworkToolsManager.swift in Sources */,
				2E087E4127507E38DF39C900 /* NetworkToolsView.swift in Sources */,
				C7C732321F6493E111848A66 /* Permissions.swift in Sources */,
				89BB1E97CDCFF5365A5D8B9E /* PlaceholderView.swift in Sources */,
				735F5C13DD796FE2485743C9 /* ProcessEntry.swift in Sources */,
				E4DFD021D73D7A4F393F2050 /* SettingsView.swift in Sources */,
				D0E205FDC8AD7CDFCCDEF00D /* SidebarView.swift in Sources */,
				FFAC6AE043D6C182853A9E90 /* Snippet.swift in Sources */,
				5AF9E8767A664AC62CB45EF2 /* StatusBarView.swift in Sources */,
				4C0E4162D5A29656F8DF9609 /* StatusPoller.swift in Sources */,
				E93190EADC340E2DF234A9B6 /* SystemMonitorManager.swift in Sources */,
				2937311B1112E0675C55DAB4 /* SystemMonitorView.swift in Sources */,
				B58DE79B9DA78B4C864458F0 /* TextSnippetsManager.swift in Sources */,
				7BFD5A3D4F3D0BBACDA86D75 /* TextSnippetsView.swift in Sources */,
				FA7F51C0438EBCE7E988ECD0 /* VantageApp.swift in Sources */,
				CC52595EB420D158759A8A31 /* WindowManagerManager.swift in Sources */,
				416DF96D0D3AC1298263C3AB /* WindowManagerModel.swift in Sources */,
				537AD61DF4D558B23297EC11 /* WindowManagerView.swift in Sources */,
			);
			runOnlyForDeploymentPostprocessing = 0;
		};
		2E8B9CB2C9E978EA5D04BDCE /* Sources */ = {
			isa = PBXSourcesBuildPhase;
			buildActionMask = 2147483647;
			files = (
				8A1BD476A80B964BAE1DC645 /* AppStateTests.swift in Sources */,
				63FB13B1456AAA9609714501 /* PermissionsTests.swift in Sources */,
				7A075AD6212ECD5772B51C5F /* PlaceholderTests.swift in Sources */,
				2FA2C9A9C2F96DA68768DD75 /* StatusPollerTests.swift in Sources */,
				4BA3DF3E4AB933D6406CB194 /* WindowManagerTests.swift in Sources */,
			);
			runOnlyForDeploymentPostprocessing = 0;
		};
/* End PBXSourcesBuildPhase section */

/* Begin PBXTargetDependency section */
		37B81F32BE4F477A573AB5BE /* PBXTargetDependency */ = {
			isa = PBXTargetDependency;
			target = 760673EF1845572FEC57AD22 /* Vantage */;
			targetProxy = 986399586F0E0F239087F89F /* PBXContainerItemProxy */;
		};
/* End PBXTargetDependency section */

/* Begin XCBuildConfiguration section */
		032BC4BECE806258CBD11811 /* Debug */ = {
			isa = XCBuildConfiguration;
			buildSettings = {
				ASSETCATALOG_COMPILER_APPICON_NAME = AppIcon;
				COMBINE_HIDPI_IMAGES = YES;
				INFOPLIST_FILE = Vantage/Resources/Info.plist;
				LD_RUNPATH_SEARCH_PATHS = (
					"$(inherited)",
					"@executable_path/../Frameworks",
				);
				PRODUCT_NAME = Vantage;
				SDKROOT = macosx;
			};
			name = Debug;
		};
		174A575BBD4DF8D7441B5FBA /* Debug */ = {
			isa = XCBuildConfiguration;
			buildSettings = {
				ALWAYS_SEARCH_USER_PATHS = NO;
				CLANG_ANALYZER_NONNULL = YES;
				CLANG_ANALYZER_NUMBER_OBJECT_CONVERSION = YES_AGGRESSIVE;
				CLANG_CXX_LANGUAGE_STANDARD = "gnu++14";
				CLANG_CXX_LIBRARY = "libc++";
				CLANG_ENABLE_MODULES = YES;
				CLANG_ENABLE_OBJC_ARC = YES;
				CLANG_ENABLE_OBJC_WEAK = YES;
				CLANG_WARN_BLOCK_CAPTURE_AUTORELEASING = YES;
				CLANG_WARN_BOOL_CONVERSION = YES;
				CLANG_WARN_COMMA = YES;
				CLANG_WARN_CONSTANT_CONVERSION = YES;
				CLANG_WARN_DEPRECATED_OBJC_IMPLEMENTATIONS = YES;
				CLANG_WARN_DIRECT_OBJC_ISA_USAGE = YES_ERROR;
				CLANG_WARN_DOCUMENTATION_COMMENTS = YES;
				CLANG_WARN_EMPTY_BODY = YES;
				CLANG_WARN_ENUM_CONVERSION = YES;
				CLANG_WARN_INFINITE_RECURSION = YES;
				CLANG_WARN_INT_CONVERSION = YES;
				CLANG_WARN_NON_LITERAL_NULL_CONVERSION = YES;
				CLANG_WARN_OBJC_IMPLICIT_RETAIN_SELF = YES;
				CLANG_WARN_OBJC_LITERAL_CONVERSION = YES;
				CLANG_WARN_OBJC_ROOT_CLASS = YES_ERROR;
				CLANG_WARN_QUOTED_INCLUDE_IN_FRAMEWORK_HEADER = YES;
				CLANG_WARN_RANGE_LOOP_ANALYSIS = YES;
				CLANG_WARN_STRICT_PROTOTYPES = YES;
				CLANG_WARN_SUSPICIOUS_MOVE = YES;
				CLANG_WARN_UNGUARDED_AVAILABILITY = YES_AGGRESSIVE;
				CLANG_WARN_UNREACHABLE_CODE = YES;
				CLANG_WARN__DUPLICATE_METHOD_MATCH = YES;
				CODE_SIGN_ENTITLEMENTS = Vantage/Resources/Vantage.entitlements;
				COPY_PHASE_STRIP = NO;
				CURRENT_PROJECT_VERSION = 1;
				DEBUG_INFORMATION_FORMAT = dwarf;
				ENABLE_HARDENED_RUNTIME = YES;
				ENABLE_STRICT_OBJC_MSGSEND = YES;
				ENABLE_TESTABILITY = YES;
				GCC_C_LANGUAGE_STANDARD = gnu11;
				GCC_DYNAMIC_NO_PIC = NO;
				GCC_NO_COMMON_BLOCKS = YES;
				GCC_OPTIMIZATION_LEVEL = 0;
				GCC_PREPROCESSOR_DEFINITIONS = (
					"$(inherited)",
					"DEBUG=1",
				);
				GCC_WARN_64_TO_32_BIT_CONVERSION = YES;
				GCC_WARN_ABOUT_RETURN_TYPE = YES_ERROR;
				GCC_WARN_UNDECLARED_SELECTOR = YES;
				GCC_WARN_UNINITIALIZED_AUTOS = YES_AGGRESSIVE;
				GCC_WARN_UNUSED_FUNCTION = YES;
				GCC_WARN_UNUSED_VARIABLE = YES;
				INFOPLIST_FILE = Vantage/Resources/Info.plist;
				MACOSX_DEPLOYMENT_TARGET = 14.0;
				MARKETING_VERSION = 0.1.0;
				MTL_ENABLE_DEBUG_INFO = INCLUDE_SOURCE;
				MTL_FAST_MATH = YES;
				ONLY_ACTIVE_ARCH = YES;
				PRODUCT_BUNDLE_IDENTIFIER = com.frkhd.vantage;
				PRODUCT_NAME = "$(TARGET_NAME)";
				SDKROOT = macosx;
				SWIFT_ACTIVE_COMPILATION_CONDITIONS = DEBUG;
				SWIFT_OPTIMIZATION_LEVEL = "-Onone";
				SWIFT_VERSION = 5.0;
			};
			name = Debug;
		};
		1976435425A8B4D4EBBA3878 /* Release */ = {
			isa = XCBuildConfiguration;
			buildSettings = {
				ALWAYS_SEARCH_USER_PATHS = NO;
				CLANG_ANALYZER_NONNULL = YES;
				CLANG_ANALYZER_NUMBER_OBJECT_CONVERSION = YES_AGGRESSIVE;
				CLANG_CXX_LANGUAGE_STANDARD = "gnu++14";
				CLANG_CXX_LIBRARY = "libc++";
				CLANG_ENABLE_MODULES = YES;
				CLANG_ENABLE_OBJC_ARC = YES;
				CLANG_ENABLE_OBJC_WEAK = YES;
				CLANG_WARN_BLOCK_CAPTURE_AUTORELEASING = YES;
				CLANG_WARN_BOOL_CONVERSION = YES;
				CLANG_WARN_COMMA = YES;
				CLANG_WARN_CONSTANT_CONVERSION = YES;
				CLANG_WARN_DEPRECATED_OBJC_IMPLEMENTATIONS = YES;
				CLANG_WARN_DIRECT_OBJC_ISA_USAGE = YES_ERROR;
				CLANG_WARN_DOCUMENTATION_COMMENTS = YES;
				CLANG_WARN_EMPTY_BODY = YES;
				CLANG_WARN_ENUM_CONVERSION = YES;
				CLANG_WARN_INFINITE_RECURSION = YES;
				CLANG_WARN_INT_CONVERSION = YES;
				CLANG_WARN_NON_LITERAL_NULL_CONVERSION = YES;
				CLANG_WARN_OBJC_IMPLICIT_RETAIN_SELF = YES;
				CLANG_WARN_OBJC_LITERAL_CONVERSION = YES;
				CLANG_WARN_OBJC_ROOT_CLASS = YES_ERROR;
				CLANG_WARN_QUOTED_INCLUDE_IN_FRAMEWORK_HEADER = YES;
				CLANG_WARN_RANGE_LOOP_ANALYSIS = YES;
				CLANG_WARN_STRICT_PROTOTYPES = YES;
				CLANG_WARN_SUSPICIOUS_MOVE = YES;
				CLANG_WARN_UNGUARDED_AVAILABILITY = YES_AGGRESSIVE;
				CLANG_WARN_UNREACHABLE_CODE = YES;
				CLANG_WARN__DUPLICATE_METHOD_MATCH = YES;
				CODE_SIGN_ENTITLEMENTS = Vantage/Resources/Vantage.entitlements;
				COPY_PHASE_STRIP = NO;
				CURRENT_PROJECT_VERSION = 1;
				DEBUG_INFORMATION_FORMAT = "dwarf-with-dsym";
				ENABLE_HARDENED_RUNTIME = YES;
				ENABLE_NS_ASSERTIONS = NO;
				ENABLE_STRICT_OBJC_MSGSEND = YES;
				GCC_C_LANGUAGE_STANDARD = gnu11;
				GCC_NO_COMMON_BLOCKS = YES;
				GCC_WARN_64_TO_32_BIT_CONVERSION = YES;
				GCC_WARN_ABOUT_RETURN_TYPE = YES_ERROR;
				GCC_WARN_UNDECLARED_SELECTOR = YES;
				GCC_WARN_UNINITIALIZED_AUTOS = YES_AGGRESSIVE;
				GCC_WARN_UNUSED_FUNCTION = YES;
				GCC_WARN_UNUSED_VARIABLE = YES;
				INFOPLIST_FILE = Vantage/Resources/Info.plist;
				MACOSX_DEPLOYMENT_TARGET = 14.0;
				MARKETING_VERSION = 0.1.0;
				MTL_ENABLE_DEBUG_INFO = NO;
				MTL_FAST_MATH = YES;
				PRODUCT_BUNDLE_IDENTIFIER = com.frkhd.vantage;
				PRODUCT_NAME = "$(TARGET_NAME)";
				SDKROOT = macosx;
				SWIFT_COMPILATION_MODE = wholemodule;
				SWIFT_OPTIMIZATION_LEVEL = "-O";
				SWIFT_VERSION = 5.0;
			};
			name = Release;
		};
		1EFB37E3414C5E77D2BCE61E /* Debug */ = {
			isa = XCBuildConfiguration;
			buildSettings = {
				BUNDLE_LOADER = "$(TEST_HOST)";
				COMBINE_HIDPI_IMAGES = YES;
				LD_RUNPATH_SEARCH_PATHS = (
					"$(inherited)",
					"@executable_path/../Frameworks",
					"@loader_path/../Frameworks",
				);
				SDKROOT = macosx;
				TEST_HOST = "$(BUILT_PRODUCTS_DIR)/Vantage.app/Contents/MacOS/Vantage";
			};
			name = Debug;
		};
		56A0DBFF8E7843A889DFDD19 /* Release */ = {
			isa = XCBuildConfiguration;
			buildSettings = {
				BUNDLE_LOADER = "$(TEST_HOST)";
				COMBINE_HIDPI_IMAGES = YES;
				LD_RUNPATH_SEARCH_PATHS = (
					"$(inherited)",
					"@executable_path/../Frameworks",
					"@loader_path/../Frameworks",
				);
				SDKROOT = macosx;
				TEST_HOST = "$(BUILT_PRODUCTS_DIR)/Vantage.app/Contents/MacOS/Vantage";
			};
			name = Release;
		};
		F1F3AA27D7F5FE0E7CE5ACEE /* Release */ = {
			isa = XCBuildConfiguration;
			buildSettings = {
				ASSETCATALOG_COMPILER_APPICON_NAME = AppIcon;
				COMBINE_HIDPI_IMAGES = YES;
				INFOPLIST_FILE = Vantage/Resources/Info.plist;
				LD_RUNPATH_SEARCH_PATHS = (
					"$(inherited)",
					"@executable_path/../Frameworks",
				);
				PRODUCT_NAME = Vantage;
				SDKROOT = macosx;
			};
			name = Release;
		};
/* End XCBuildConfiguration section */

/* Begin XCConfigurationList section */
		2CEB3805379B76D96E23DE86 /* Build configuration list for PBXProject "Vantage" */ = {
			isa = XCConfigurationList;
			buildConfigurations = (
				174A575BBD4DF8D7441B5FBA /* Debug */,
				1976435425A8B4D4EBBA3878 /* Release */,
			);
			defaultConfigurationIsVisible = 0;
			defaultConfigurationName = Debug;
		};
		3E9B3C1FB5CBEEF7CFB36FB7 /* Build configuration list for PBXNativeTarget "Vantage" */ = {
			isa = XCConfigurationList;
			buildConfigurations = (
				032BC4BECE806258CBD11811 /* Debug */,
				F1F3AA27D7F5FE0E7CE5ACEE /* Release */,
			);
			defaultConfigurationIsVisible = 0;
			defaultConfigurationName = Debug;
		};
		E5A4E365785374F925825848 /* Build configuration list for PBXNativeTarget "VantageTests" */ = {
			isa = XCConfigurationList;
			buildConfigurations = (
				1EFB37E3414C5E77D2BCE61E /* Debug */,
				56A0DBFF8E7843A889DFDD19 /* Release */,
			);
			defaultConfigurationIsVisible = 0;
			defaultConfigurationName = Debug;
		};
/* End XCConfigurationList section */
	};
	rootObject = F30256708B8BFD67E584AD19 /* Project object */;
}
